
Microsoft Visual Studio Solution File, Format Version 12.00
# Visual Studio 15
VisualStudioVersion = 15.0.28010.2050
MinimumVisualStudioVersion = 10.0.40219.1
Project("{8BC9CEB8-8B4A-11D0-8D11-00A0C91BC942}") = "class69_chess", "class69_chess\class69_chess.vcxproj", "{FB996E06-9E7A-4E90-A9DD-4E1F058DB617}"
EndProject
Global
	GlobalSection(SolutionConfigurationPlatforms) = preSolution
		Debug|x64 = Debug|x64
		Debug|x86 = Debug|x86
		Release|x64 = Release|x64
		Release|x86 = Release|x86
	EndGlobalSection
	GlobalSection(ProjectConfigurationPlatforms) = postSolution
		{FB996E06-9E7A-4E90-A9DD-4E1F058DB617}.Debug|x64.ActiveCfg = Debug|x64
		{FB996E06-9E7A-4E90-A9DD-4E1F058DB617}.Debug|x64.Build.0 = Debug|x64
		{FB996E06-9E7A-4E90-A9DD-4E1F058DB617}.Debug|x86.ActiveCfg = Debug|Win32
		{FB996E06-9E7A-4E90-A9DD-4E1F058DB617}.Debug|x86.Build.0 = Debug|Win32
		{FB996E06-9E7A-4E90-A9DD-4E1F058DB617}.Release|x64.ActiveCfg = Release|x64
		{FB996E06-9E7A-4E90-A9DD-4E1F058DB617}.Release|x64.Build.0 = Release|x64
		{FB996E06-9E7A-4E90-A9DD-4E1F058DB617}.Release|x86.ActiveCfg = Release|Win32
		{FB996E06-9E7A-4E90-A9DD-4E1F058DB617}.Release|x86.Build.0 = Release|Win32
	EndGlobalSection
	GlobalSection(SolutionProperties) = preSolution
		HideSolutionNode = FALSE
	EndGlobalSection
	GlobalSection(ExtensibilityGlobals) = postSolution
		SolutionGuid = {EB2C08AB-51C7-4226-B0FF-0CD2B1A9DF29}
	EndGlobalSection
EndGlobal
